
Microsoft Visual Studio Solution File, Format Version 12.00
# Visual Studio 2013
VisualStudioVersion = 12.0.40629.0
MinimumVisualStudioVersion = 10.0.40219.1
Project("{888888A0-9F3D-457C-B088-3A5042F75D52}") = "DjangoSetupTest", "DjangoSetupTest.pyproj", "{BC7EDA53-1768-4DB9-9F3B-5F5B7280BC32}"
EndProject
Global
	GlobalSection(SolutionConfigurationPlatforms) = preSolution
		Debug|Any CPU = Debug|Any CPU
		Release|Any CPU = Release|Any CPU
	EndGlobalSection
	GlobalSection(ProjectConfigurationPlatforms) = postSolution
		{BC7EDA53-1768-4DB9-9F3B-5F5B7280BC32}.Debug|Any CPU.ActiveCfg = Debug|Any CPU
		{BC7EDA53-1768-4DB9-9F3B-5F5B7280BC32}.Debug|Any CPU.Build.0 = Debug|Any CPU
		{BC7EDA53-1768-4DB9-9F3B-5F5B7280BC32}.Release|Any CPU.ActiveCfg = Release|Any CPU
		{BC7EDA53-1768-4DB9-9F3B-5F5B7280BC32}.Release|Any CPU.Build.0 = Release|Any CPU
	EndGlobalSection
	GlobalSection(SolutionProperties) = preSolution
		HideSolutionNode = FALSE
	EndGlobalSection
EndGlobal
